
Microsoft Visual Studio Solution File, Format Version 11.00
# Visual Studio 2010
Project("{FAE04EC0-301F-11D3-BF4B-00C04F79EFBC}") = "DynaBomberClient", "DynaBomberClient\DynaBomberClient.csproj", "{F9B3682E-9311-4502-A4CC-553F28AD853F}"
EndProject
Project("{FAE04EC0-301F-11D3-BF4B-00C04F79EFBC}") = "protobuf-net_Silverlight", "..\Protobuf\protobuf-net_Silverlight\protobuf-net_Silverlight.csproj", "{35032FC5-65E0-4FE4-8DBC-A31F0694EC14}"
EndProject
Global
	GlobalSection(SolutionConfigurationPlatforms) = preSolution
		Debug|Any CPU = Debug|Any CPU
		Release|Any CPU = Release|Any CPU
	EndGlobalSection
	GlobalSection(ProjectConfigurationPlatforms) = postSolution
		{F9B3682E-9311-4502-A4CC-553F28AD853F}.Debug|Any CPU.ActiveCfg = Debug|Any CPU
		{F9B3682E-9311-4502-A4CC-553F28AD853F}.Debug|Any CPU.Build.0 = Debug|Any CPU
		{F9B3682E-9311-4502-A4CC-553F28AD853F}.Release|Any CPU.ActiveCfg = Release|Any CPU
		{F9B3682E-9311-4502-A4CC-553F28AD853F}.Release|Any CPU.Build.0 = Release|Any CPU
		{35032FC5-65E0-4FE4-8DBC-A31F0694EC14}.Debug|Any CPU.ActiveCfg = Debug|Any CPU
		{35032FC5-65E0-4FE4-8DBC-A31F0694EC14}.Debug|Any CPU.Build.0 = Debug|Any CPU
		{35032FC5-65E0-4FE4-8DBC-A31F0694EC14}.Release|Any CPU.ActiveCfg = Release|Any CPU
		{35032FC5-65E0-4FE4-8DBC-A31F0694EC14}.Release|Any CPU.Build.0 = Release|Any CPU
	EndGlobalSection
	GlobalSection(SolutionProperties) = preSolution
		HideSolutionNode = FALSE
	EndGlobalSection
EndGlobal
